
Microsoft Visual Studio Solution File, Format Version 12.00
# Visual Studio Version 17
VisualStudioVersion = 17.3.32901.215
MinimumVisualStudioVersion = 10.0.40219.1
Project("{9A19103F-16F7-4668-BE54-9A1E7A4F7556}") = "ECS.Legacy", "ECS.Legacy\ECS.Legacy.csproj", "{04BB7A61-C926-4654-A911-EA7EAE974326}"
EndProject
Project("{9A19103F-16F7-4668-BE54-9A1E7A4F7556}") = "ECS_Redesign", "ECS.Redesign\ECS_Redesign.csproj", "{22225320-BF7A-427B-8CED-9A6A748968B8}"
EndProject
Project("{FAE04EC0-301F-11D3-BF4B-00C04F79EFBC}") = "ECS.Unit.Test", "ECS.Unit.Test\ECS.Unit.Test.csproj", "{3F19E8A2-BCB1-4887-BF18-7F9A054B5375}"
EndProject
Global
	GlobalSection(SolutionConfigurationPlatforms) = preSolution
		Debug|Any CPU = Debug|Any CPU
		Release|Any CPU = Release|Any CPU
	EndGlobalSection
	GlobalSection(ProjectConfigurationPlatforms) = postSolution
		{04BB7A61-C926-4654-A911-EA7EAE974326}.Debug|Any CPU.ActiveCfg = Debug|Any CPU
		{04BB7A61-C926-4654-A911-EA7EAE974326}.Debug|Any CPU.Build.0 = Debug|Any CPU
		{04BB7A61-C926-4654-A911-EA7EAE974326}.Release|Any CPU.ActiveCfg = Release|Any CPU
		{04BB7A61-C926-4654-A911-EA7EAE974326}.Release|Any CPU.Build.0 = Release|Any CPU
		{22225320-BF7A-427B-8CED-9A6A748968B8}.Debug|Any CPU.ActiveCfg = Debug|Any CPU
		{22225320-BF7A-427B-8CED-9A6A748968B8}.Debug|Any CPU.Build.0 = Debug|Any CPU
		{22225320-BF7A-427B-8CED-9A6A748968B8}.Release|Any CPU.ActiveCfg = Release|Any CPU
		{22225320-BF7A-427B-8CED-9A6A748968B8}.Release|Any CPU.Build.0 = Release|Any CPU
		{3F19E8A2-BCB1-4887-BF18-7F9A054B5375}.Debug|Any CPU.ActiveCfg = Debug|Any CPU
		{3F19E8A2-BCB1-4887-BF18-7F9A054B5375}.Debug|Any CPU.Build.0 = Debug|Any CPU
		{3F19E8A2-BCB1-4887-BF18-7F9A054B5375}.Release|Any CPU.ActiveCfg = Release|Any CPU
		{3F19E8A2-BCB1-4887-BF18-7F9A054B5375}.Release|Any CPU.Build.0 = Release|Any CPU
	EndGlobalSection
	GlobalSection(SolutionProperties) = preSolution
		HideSolutionNode = FALSE
	EndGlobalSection
	GlobalSection(ExtensibilityGlobals) = postSolution
		SolutionGuid = {3BEDF1C5-C8E7-4A95-A17D-626CC7A84B04}
	EndGlobalSection
EndGlobal
